
Microsoft Visual Studio Solution File, Format Version 12.00
# Visual Studio Version 16
VisualStudioVersion = 16.0.29102.190
MinimumVisualStudioVersion = 10.0.40219.1
Project("{FAE04EC0-301F-11D3-BF4B-00C04F79EFBC}") = "kp orai", "kp orai\kp orai.csproj", "{2BE2532D-88F4-46AD-84F4-2A3C3768627F}"
EndProject
Global
	GlobalSection(SolutionConfigurationPlatforms) = preSolution
		Debug|Any CPU = Debug|Any CPU
		Release|Any CPU = Release|Any CPU
	EndGlobalSection
	GlobalSection(ProjectConfigurationPlatforms) = postSolution
		{2BE2532D-88F4-46AD-84F4-2A3C3768627F}.Debug|Any CPU.ActiveCfg = Debug|Any CPU
		{2BE2532D-88F4-46AD-84F4-2A3C3768627F}.Debug|Any CPU.Build.0 = Debug|Any CPU
		{2BE2532D-88F4-46AD-84F4-2A3C3768627F}.Release|Any CPU.ActiveCfg = Release|Any CPU
		{2BE2532D-88F4-46AD-84F4-2A3C3768627F}.Release|Any CPU.Build.0 = Release|Any CPU
	EndGlobalSection
	GlobalSection(SolutionProperties) = preSolution
		HideSolutionNode = FALSE
	EndGlobalSection
	GlobalSection(ExtensibilityGlobals) = postSolution
		SolutionGuid = {7F54F3A5-A5EE-48E3-B5D1-6F9910DB242F}
	EndGlobalSection
EndGlobal
